
Microsoft Visual Studio Solution File, Format Version 12.00
# Visual Studio Version 16
VisualStudioVersion = 16.0.30114.105
MinimumVisualStudioVersion = 10.0.40219.1
Project("{FAE04EC0-301F-11D3-BF4B-00C04F79EFBC}") = "PaymentContext.Domain", "PaymentContext.Domain\PaymentContext.Domain.csproj", "{A7BC58E8-2CF6-42EE-8A42-7C0293664415}"
EndProject
Project("{FAE04EC0-301F-11D3-BF4B-00C04F79EFBC}") = "PaymentContext.Shared", "PaymentContext.Shared\PaymentContext.Shared.csproj", "{3DB6D165-BF1E-430D-BFBB-CAF934D861EE}"
EndProject
Project("{FAE04EC0-301F-11D3-BF4B-00C04F79EFBC}") = "PaymentContext.Tests", "PaymentContext.Tests\PaymentContext.Tests.csproj", "{40855A09-527B-4626-89EA-55C678C0B441}"
EndProject
Global
	GlobalSection(SolutionConfigurationPlatforms) = preSolution
		Debug|Any CPU = Debug|Any CPU
		Release|Any CPU = Release|Any CPU
	EndGlobalSection
	GlobalSection(SolutionProperties) = preSolution
		HideSolutionNode = FALSE
	EndGlobalSection
	GlobalSection(ProjectConfigurationPlatforms) = postSolution
		{A7BC58E8-2CF6-42EE-8A42-7C0293664415}.Debug|Any CPU.ActiveCfg = Debug|Any CPU
		{A7BC58E8-2CF6-42EE-8A42-7C0293664415}.Debug|Any CPU.Build.0 = Debug|Any CPU
		{A7BC58E8-2CF6-42EE-8A42-7C0293664415}.Release|Any CPU.ActiveCfg = Release|Any CPU
		{A7BC58E8-2CF6-42EE-8A42-7C0293664415}.Release|Any CPU.Build.0 = Release|Any CPU
		{3DB6D165-BF1E-430D-BFBB-CAF934D861EE}.Debug|Any CPU.ActiveCfg = Debug|Any CPU
		{3DB6D165-BF1E-430D-BFBB-CAF934D861EE}.Debug|Any CPU.Build.0 = Debug|Any CPU
		{3DB6D165-BF1E-430D-BFBB-CAF934D861EE}.Release|Any CPU.ActiveCfg = Release|Any CPU
		{3DB6D165-BF1E-430D-BFBB-CAF934D861EE}.Release|Any CPU.Build.0 = Release|Any CPU
		{40855A09-527B-4626-89EA-55C678C0B441}.Debug|Any CPU.ActiveCfg = Debug|Any CPU
		{40855A09-527B-4626-89EA-55C678C0B441}.Debug|Any CPU.Build.0 = Debug|Any CPU
		{40855A09-527B-4626-89EA-55C678C0B441}.Release|Any CPU.ActiveCfg = Release|Any CPU
		{40855A09-527B-4626-89EA-55C678C0B441}.Release|Any CPU.Build.0 = Release|Any CPU
	EndGlobalSection
EndGlobal
